
Microsoft Visual Studio Solution File, Format Version 12.00
# Visual Studio 15
VisualStudioVersion = 15.0.28010.2041
MinimumVisualStudioVersion = 10.0.40219.1
Project("{888888A0-9F3D-457C-B088-3A5042F75D52}") = "siletz", "siletz.pyproj", "{0E3B8E4F-62BF-487A-A8D3-83B590D90EDC}"
EndProject
Global
	GlobalSection(SolutionConfigurationPlatforms) = preSolution
		Debug|Any CPU = Debug|Any CPU
		Release|Any CPU = Release|Any CPU
	EndGlobalSection
	GlobalSection(ProjectConfigurationPlatforms) = postSolution
		{0E3B8E4F-62BF-487A-A8D3-83B590D90EDC}.Debug|Any CPU.ActiveCfg = Debug|Any CPU
		{0E3B8E4F-62BF-487A-A8D3-83B590D90EDC}.Release|Any CPU.ActiveCfg = Release|Any CPU
	EndGlobalSection
	GlobalSection(SolutionProperties) = preSolution
		HideSolutionNode = FALSE
	EndGlobalSection
	GlobalSection(ExtensibilityGlobals) = postSolution
		SolutionGuid = {4C0C9949-CCDA-4B3B-868A-509456096206}
	EndGlobalSection
EndGlobal
